
Microsoft Visual Studio Solution File, Format Version 12.00
# Visual Studio Version 16
VisualStudioVersion = 16.0.31911.196
MinimumVisualStudioVersion = 10.0.40219.1
Project("{8BC9CEB8-8B4A-11D0-8D11-00A0C91BC942}") = "Server", "SOCKET\SOCKET.vcxproj", "{D4D9FABB-D64F-4754-BC82-E99712BA5316}"
EndProject
Project("{8BC9CEB8-8B4A-11D0-8D11-00A0C91BC942}") = "Client", "Client\Client.vcxproj", "{0E6687DB-7F9C-44AD-9323-6D5BA55C77D0}"
EndProject
Project("{8BC9CEB8-8B4A-11D0-8D11-00A0C91BC942}") = "Resolve", "Ping\Ping.vcxproj", "{AEBEC52E-C4FF-46D4-94AB-35E986A59592}"
EndProject
Project("{8BC9CEB8-8B4A-11D0-8D11-00A0C91BC942}") = "UPD_Server", "UPD_Server\UPD_Server.vcxproj", "{EE981D68-54C4-4F3D-A2FF-960F076F42E6}"
EndProject
Project("{8BC9CEB8-8B4A-11D0-8D11-00A0C91BC942}") = "UDP_Client", "UDP_Client\UDP_Client.vcxproj", "{F39A576E-CA83-4A9B-B6C8-E040F8D06A99}"
EndProject
Project("{8BC9CEB8-8B4A-11D0-8D11-00A0C91BC942}") = "Promisc", "Promisc\Promisc.vcxproj", "{C30FD519-76B9-44C4-BE61-E276FDC564C4}"
EndProject
Project("{8BC9CEB8-8B4A-11D0-8D11-00A0C91BC942}") = "Socket_wrapper", "Socket_wrapper\Socket_wrapper.vcxproj", "{E5B4C637-8895-49D5-A471-061DE4DC0103}"
EndProject
Project("{8BC9CEB8-8B4A-11D0-8D11-00A0C91BC942}") = "Raw_sniffer", "Raw_sniffer\Raw_sniffer.vcxproj", "{62B201BE-CEE5-414D-9C27-BBF13CADD4A0}"
EndProject
Global
	GlobalSection(SolutionConfigurationPlatforms) = preSolution
		Debug|x64 = Debug|x64
		Debug|x86 = Debug|x86
		Release|x64 = Release|x64
		Release|x86 = Release|x86
	EndGlobalSection
	GlobalSection(ProjectConfigurationPlatforms) = postSolution
		{D4D9FABB-D64F-4754-BC82-E99712BA5316}.Debug|x64.ActiveCfg = Debug|x64
		{D4D9FABB-D64F-4754-BC82-E99712BA5316}.Debug|x64.Build.0 = Debug|x64
		{D4D9FABB-D64F-4754-BC82-E99712BA5316}.Debug|x86.ActiveCfg = Debug|Win32
		{D4D9FABB-D64F-4754-BC82-E99712BA5316}.Debug|x86.Build.0 = Debug|Win32
		{D4D9FABB-D64F-4754-BC82-E99712BA5316}.Release|x64.ActiveCfg = Release|x64
		{D4D9FABB-D64F-4754-BC82-E99712BA5316}.Release|x64.Build.0 = Release|x64
		{D4D9FABB-D64F-4754-BC82-E99712BA5316}.Release|x86.ActiveCfg = Release|Win32
		{D4D9FABB-D64F-4754-BC82-E99712BA5316}.Release|x86.Build.0 = Release|Win32
		{0E6687DB-7F9C-44AD-9323-6D5BA55C77D0}.Debug|x64.ActiveCfg = Debug|x64
		{0E6687DB-7F9C-44AD-9323-6D5BA55C77D0}.Debug|x64.Build.0 = Debug|x64
		{0E6687DB-7F9C-44AD-9323-6D5BA55C77D0}.Debug|x86.ActiveCfg = Debug|Win32
		{0E6687DB-7F9C-44AD-9323-6D5BA55C77D0}.Debug|x86.Build.0 = Debug|Win32
		{0E6687DB-7F9C-44AD-9323-6D5BA55C77D0}.Release|x64.ActiveCfg = Release|x64
		{0E6687DB-7F9C-44AD-9323-6D5BA55C77D0}.Release|x64.Build.0 = Release|x64
		{0E6687DB-7F9C-44AD-9323-6D5BA55C77D0}.Release|x86.ActiveCfg = Release|Win32
		{0E6687DB-7F9C-44AD-9323-6D5BA55C77D0}.Release|x86.Build.0 = Release|Win32
		{AEBEC52E-C4FF-46D4-94AB-35E986A59592}.Debug|x64.ActiveCfg = Debug|x64
		{AEBEC52E-C4FF-46D4-94AB-35E986A59592}.Debug|x64.Build.0 = Debug|x64
		{AEBEC52E-C4FF-46D4-94AB-35E986A59592}.Debug|x86.ActiveCfg = Debug|Win32
		{AEBEC52E-C4FF-46D4-94AB-35E986A59592}.Debug|x86.Build.0 = Debug|Win32
		{AEBEC52E-C4FF-46D4-94AB-35E986A59592}.Release|x64.ActiveCfg = Release|x64
		{AEBEC52E-C4FF-46D4-94AB-35E986A59592}.Release|x64.Build.0 = Release|x64
		{AEBEC52E-C4FF-46D4-94AB-35E986A59592}.Release|x86.ActiveCfg = Release|Win32
		{AEBEC52E-C4FF-46D4-94AB-35E986A59592}.Release|x86.Build.0 = Release|Win32
		{EE981D68-54C4-4F3D-A2FF-960F076F42E6}.Debug|x64.ActiveCfg = Debug|x64
		{EE981D68-54C4-4F3D-A2FF-960F076F42E6}.Debug|x64.Build.0 = Debug|x64
		{EE981D68-54C4-4F3D-A2FF-960F076F42E6}.Debug|x86.ActiveCfg = Debug|Win32
		{EE981D68-54C4-4F3D-A2FF-960F076F42E6}.Debug|x86.Build.0 = Debug|Win32
		{EE981D68-54C4-4F3D-A2FF-960F076F42E6}.Release|x64.ActiveCfg = Release|x64
		{EE981D68-54C4-4F3D-A2FF-960F076F42E6}.Release|x64.Build.0 = Release|x64
		{EE981D68-54C4-4F3D-A2FF-960F076F42E6}.Release|x86.ActiveCfg = Release|Win32
		{EE981D68-54C4-4F3D-A2FF-960F076F42E6}.Release|x86.Build.0 = Release|Win32
		{F39A576E-CA83-4A9B-B6C8-E040F8D06A99}.Debug|x64.ActiveCfg = Debug|x64
		{F39A576E-CA83-4A9B-B6C8-E040F8D06A99}.Debug|x64.Build.0 = Debug|x64
		{F39A576E-CA83-4A9B-B6C8-E040F8D06A99}.Debug|x86.ActiveCfg = Debug|Win32
		{F39A576E-CA83-4A9B-B6C8-E040F8D06A99}.Debug|x86.Build.0 = Debug|Win32
		{F39A576E-CA83-4A9B-B6C8-E040F8D06A99}.Release|x64.ActiveCfg = Release|x64
		{F39A576E-CA83-4A9B-B6C8-E040F8D06A99}.Release|x64.Build.0 = Release|x64
		{F39A576E-CA83-4A9B-B6C8-E040F8D06A99}.Release|x86.ActiveCfg = Release|Win32
		{F39A576E-CA83-4A9B-B6C8-E040F8D06A99}.Release|x86.Build.0 = Release|Win32
		{C30FD519-76B9-44C4-BE61-E276FDC564C4}.Debug|x64.ActiveCfg = Debug|x64
		{C30FD519-76B9-44C4-BE61-E276FDC564C4}.Debug|x64.Build.0 = Debug|x64
		{C30FD519-76B9-44C4-BE61-E276FDC564C4}.Debug|x86.ActiveCfg = Debug|Win32
		{C30FD519-76B9-44C4-BE61-E276FDC564C4}.Debug|x86.Build.0 = Debug|Win32
		{C30FD519-76B9-44C4-BE61-E276FDC564C4}.Release|x64.ActiveCfg = Release|x64
		{C30FD519-76B9-44C4-BE61-E276FDC564C4}.Release|x64.Build.0 = Release|x64
		{C30FD519-76B9-44C4-BE61-E276FDC564C4}.Release|x86.ActiveCfg = Release|Win32
		{C30FD519-76B9-44C4-BE61-E276FDC564C4}.Release|x86.Build.0 = Release|Win32
		{E5B4C637-8895-49D5-A471-061DE4DC0103}.Debug|x64.ActiveCfg = Debug|x64
		{E5B4C637-8895-49D5-A471-061DE4DC0103}.Debug|x64.Build.0 = Debug|x64
		{E5B4C637-8895-49D5-A471-061DE4DC0103}.Debug|x86.ActiveCfg = Debug|Win32
		{E5B4C637-8895-49D5-A471-061DE4DC0103}.Debug|x86.Build.0 = Debug|Win32
		{E5B4C637-8895-49D5-A471-061DE4DC0103}.Release|x64.ActiveCfg = Release|x64
		{E5B4C637-8895-49D5-A471-061DE4DC0103}.Release|x64.Build.0 = Release|x64
		{E5B4C637-8895-49D5-A471-061DE4DC0103}.Release|x86.ActiveCfg = Release|Win32
		{E5B4C637-8895-49D5-A471-061DE4DC0103}.Release|x86.Build.0 = Release|Win32
		{62B201BE-CEE5-414D-9C27-BBF13CADD4A0}.Debug|x64.ActiveCfg = Debug|x64
		{62B201BE-CEE5-414D-9C27-BBF13CADD4A0}.Debug|x64.Build.0 = Debug|x64
		{62B201BE-CEE5-414D-9C27-BBF13CADD4A0}.Debug|x86.ActiveCfg = Debug|Win32
		{62B201BE-CEE5-414D-9C27-BBF13CADD4A0}.Debug|x86.Build.0 = Debug|Win32
		{62B201BE-CEE5-414D-9C27-BBF13CADD4A0}.Release|x64.ActiveCfg = Release|x64
		{62B201BE-CEE5-414D-9C27-BBF13CADD4A0}.Release|x64.Build.0 = Release|x64
		{62B201BE-CEE5-414D-9C27-BBF13CADD4A0}.Release|x86.ActiveCfg = Release|Win32
		{62B201BE-CEE5-414D-9C27-BBF13CADD4A0}.Release|x86.Build.0 = Release|Win32
	EndGlobalSection
	GlobalSection(SolutionProperties) = preSolution
		HideSolutionNode = FALSE
	EndGlobalSection
	GlobalSection(ExtensibilityGlobals) = postSolution
		SolutionGuid = {5AB9FDA3-4954-4BB4-B73A-41FC509F438B}
	EndGlobalSection
EndGlobal
